// !$*UTF8*$!
{
	archiveVersion = 1;
	classes = {
	};
	objectVersion = 42;
	objects = {

/* Begin PBXAggregateTarget section */
		F5203CC10724744B002722B0 /* all */ = {
			isa = PBXAggregateTarget;
			buildConfigurationList = F541303C096D1E1900CFD896 /* Build configuration list for PBXAggregateTarget "all" */;
			buildPhases = (
			);
			dependencies = (
				F5203CC307247489002722B0 /* PBXTargetDependency */,
				F5203CC507247489002722B0 /* PBXTargetDependency */,
			);
			name = all;
			productName = all;
		};
/* End PBXAggregateTarget section */

/* Begin PBXBuildFile section */
		F5203BF107246088002722B0 /* NewtBC.h in Headers */ = {isa = PBXBuildFile; fileRef = F55B6AC3067844EB008DC1BF /* NewtBC.h */; };
		F5203BF207246088002722B0 /* NewtConf.h in Headers */ = {isa = PBXBuildFile; fileRef = F55B6AC4067844EB008DC1BF /* NewtConf.h */; };
		F5203BF307246088002722B0 /* NewtCore.h in Headers */ = {isa = PBXBuildFile; fileRef = F55B6AC5067844EB008DC1BF /* NewtCore.h */; };
		F5203BF407246088002722B0 /* NewtEnv.h in Headers */ = {isa = PBXBuildFile; fileRef = F55B6AC6067844EB008DC1BF /* NewtEnv.h */; };
		F5203BF507246088002722B0 /* NewtErrs.h in Headers */ = {isa = PBXBuildFile; fileRef = F55B6AC7067844EB008DC1BF /* NewtErrs.h */; };
		F5203BF607246088002722B0 /* NewtFile.h in Headers */ = {isa = PBXBuildFile; fileRef = F55B6AC8067844EB008DC1BF /* NewtFile.h */; };
		F5203BF707246088002722B0 /* NewtFns.h in Headers */ = {isa = PBXBuildFile; fileRef = F55B6AC9067844EB008DC1BF /* NewtFns.h */; };
		F5203BF807246088002722B0 /* NewtGC.h in Headers */ = {isa = PBXBuildFile; fileRef = F55B6ACA067844EB008DC1BF /* NewtGC.h */; };
		F5203BF907246088002722B0 /* NewtIO.h in Headers */ = {isa = PBXBuildFile; fileRef = F55B6ACB067844EB008DC1BF /* NewtIO.h */; };
		F5203BFA07246088002722B0 /* NewtMem.h in Headers */ = {isa = PBXBuildFile; fileRef = F55B6ACC067844EB008DC1BF /* NewtMem.h */; };
		F5203BFB07246088002722B0 /* NewtObj.h in Headers */ = {isa = PBXBuildFile; fileRef = F55B6ACD067844EB008DC1BF /* NewtObj.h */; };
		F5203BFC07246088002722B0 /* NewtParser.h in Headers */ = {isa = PBXBuildFile; fileRef = F55B6ACE067844EB008DC1BF /* NewtParser.h */; };
		F5203BFD07246088002722B0 /* NewtStr.h in Headers */ = {isa = PBXBuildFile; fileRef = F55B6ACF067844EB008DC1BF /* NewtStr.h */; };
		F5203BFE07246088002722B0 /* NewtType.h in Headers */ = {isa = PBXBuildFile; fileRef = F55B6AD0067844EB008DC1BF /* NewtType.h */; };
		F5203BFF07246088002722B0 /* NewtVM.h in Headers */ = {isa = PBXBuildFile; fileRef = F55B6AD1067844EB008DC1BF /* NewtVM.h */; };
		F5203C0D0724611C002722B0 /* protoREGEX.c in Sources */ = {isa = PBXBuildFile; fileRef = F5203C0A0724611C002722B0 /* protoREGEX.c */; };
		F5203C410724683F002722B0 /* protoFILE.c in Sources */ = {isa = PBXBuildFile; fileRef = F59E6B2D067D0F8500818CDC /* protoFILE.c */; };
		F558616B07E0A4270080D223 /* NewtPrint.h in Headers */ = {isa = PBXBuildFile; fileRef = F558616A07E0A4270080D223 /* NewtPrint.h */; };
		F558616C07E0A4270080D223 /* NewtPrint.h in Headers */ = {isa = PBXBuildFile; fileRef = F558616A07E0A4270080D223 /* NewtPrint.h */; };
		F55A5B0307264A2F002A520F /* NewtLib.h in Headers */ = {isa = PBXBuildFile; fileRef = F55A5B0207264A2F002A520F /* NewtLib.h */; };
		F55A5B0407264A2F002A520F /* NewtLib.h in Headers */ = {isa = PBXBuildFile; fileRef = F55A5B0207264A2F002A520F /* NewtLib.h */; };
		F55B6AD2067844EB008DC1BF /* NewtBC.h in Headers */ = {isa = PBXBuildFile; fileRef = F55B6AC3067844EB008DC1BF /* NewtBC.h */; };
		F55B6AD3067844EB008DC1BF /* NewtConf.h in Headers */ = {isa = PBXBuildFile; fileRef = F55B6AC4067844EB008DC1BF /* NewtConf.h */; };
		F55B6AD4067844EB008DC1BF /* NewtCore.h in Headers */ = {isa = PBXBuildFile; fileRef = F55B6AC5067844EB008DC1BF /* NewtCore.h */; };
		F55B6AD5067844EB008DC1BF /* NewtEnv.h in Headers */ = {isa = PBXBuildFile; fileRef = F55B6AC6067844EB008DC1BF /* NewtEnv.h */; };
		F55B6AD6067844EB008DC1BF /* NewtErrs.h in Headers */ = {isa = PBXBuildFile; fileRef = F55B6AC7067844EB008DC1BF /* NewtErrs.h */; };
		F55B6AD7067844EB008DC1BF /* NewtFile.h in Headers */ = {isa = PBXBuildFile; fileRef = F55B6AC8067844EB008DC1BF /* NewtFile.h */; };
		F55B6AD8067844EB008DC1BF /* NewtFns.h in Headers */ = {isa = PBXBuildFile; fileRef = F55B6AC9067844EB008DC1BF /* NewtFns.h */; };
		F55B6AD9067844EB008DC1BF /* NewtGC.h in Headers */ = {isa = PBXBuildFile; fileRef = F55B6ACA067844EB008DC1BF /* NewtGC.h */; };
		F55B6ADA067844EB008DC1BF /* NewtIO.h in Headers */ = {isa = PBXBuildFile; fileRef = F55B6ACB067844EB008DC1BF /* NewtIO.h */; };
		F55B6ADB067844EB008DC1BF /* NewtMem.h in Headers */ = {isa = PBXBuildFile; fileRef = F55B6ACC067844EB008DC1BF /* NewtMem.h */; };
		F55B6ADC067844EB008DC1BF /* NewtObj.h in Headers */ = {isa = PBXBuildFile; fileRef = F55B6ACD067844EB008DC1BF /* NewtObj.h */; };
		F55B6ADD067844EB008DC1BF /* NewtParser.h in Headers */ = {isa = PBXBuildFile; fileRef = F55B6ACE067844EB008DC1BF /* NewtParser.h */; };
		F55B6ADE067844EB008DC1BF /* NewtStr.h in Headers */ = {isa = PBXBuildFile; fileRef = F55B6ACF067844EB008DC1BF /* NewtStr.h */; };
		F55B6ADF067844EB008DC1BF /* NewtType.h in Headers */ = {isa = PBXBuildFile; fileRef = F55B6AD0067844EB008DC1BF /* NewtType.h */; };
		F55B6AE0067844EB008DC1BF /* NewtVM.h in Headers */ = {isa = PBXBuildFile; fileRef = F55B6AD1067844EB008DC1BF /* NewtVM.h */; };
		F5DE13C2082AD7E100BB42A5 /* config.h in Headers */ = {isa = PBXBuildFile; fileRef = F5DE13C1082AD7E100BB42A5 /* config.h */; };
		F5DE13C3082AD7E100BB42A5 /* config.h in Headers */ = {isa = PBXBuildFile; fileRef = F5DE13C1082AD7E100BB42A5 /* config.h */; };
		F5DE13C5082AD7EC00BB42A5 /* platform.h in Headers */ = {isa = PBXBuildFile; fileRef = F5DE13C4082AD7EC00BB42A5 /* platform.h */; };
		F5DE13C6082AD7EC00BB42A5 /* platform.h in Headers */ = {isa = PBXBuildFile; fileRef = F5DE13C4082AD7EC00BB42A5 /* platform.h */; };
/* End PBXBuildFile section */

/* Begin PBXContainerItemProxy section */
		F5203CC207247489002722B0 /* PBXContainerItemProxy */ = {
			isa = PBXContainerItemProxy;
			containerPortal = 08FB7793FE84155DC02AAC07 /* Project object */;
			proxyType = 1;
			remoteGlobalIDString = D2AAC0620554660B00DB518D;
			remoteInfo = protoFILE;
		};
		F5203CC407247489002722B0 /* PBXContainerItemProxy */ = {
			isa = PBXContainerItemProxy;
			containerPortal = 08FB7793FE84155DC02AAC07 /* Project object */;
			proxyType = 1;
			remoteGlobalIDString = F5203BEF07246088002722B0;
			remoteInfo = protoREGEX;
		};
/* End PBXContainerItemProxy section */

/* Begin PBXFileReference section */
		D2AAC0630554660B00DB518D /* protoFILE.dylib */ = {isa = PBXFileReference; explicitFileType = "compiled.mach-o.dylib"; includeInIndex = 0; path = protoFILE.dylib; sourceTree = BUILT_PRODUCTS_DIR; };
		F5203C0307246088002722B0 /* protoREGEX.dylib */ = {isa = PBXFileReference; explicitFileType = "compiled.mach-o.dylib"; includeInIndex = 0; path = protoREGEX.dylib; sourceTree = BUILT_PRODUCTS_DIR; };
		F5203C0A0724611C002722B0 /* protoREGEX.c */ = {isa = PBXFileReference; fileEncoding = "-2147483647"; lastKnownFileType = sourcecode.c.c; path = protoREGEX.c; sourceTree = "<group>"; };
		F558616A07E0A4270080D223 /* NewtPrint.h */ = {isa = PBXFileReference; fileEncoding = "-2147483647"; lastKnownFileType = sourcecode.c.h; path = NewtPrint.h; sourceTree = "<group>"; };
		F55A5B0207264A2F002A520F /* NewtLib.h */ = {isa = PBXFileReference; fileEncoding = "-2147483647"; lastKnownFileType = sourcecode.c.h; path = NewtLib.h; sourceTree = "<group>"; };
		F55B6AC3067844EB008DC1BF /* NewtBC.h */ = {isa = PBXFileReference; fileEncoding = "-2147483647"; lastKnownFileType = sourcecode.c.h; path = NewtBC.h; sourceTree = "<group>"; };
		F55B6AC4067844EB008DC1BF /* NewtConf.h */ = {isa = PBXFileReference; fileEncoding = "-2147483647"; lastKnownFileType = sourcecode.c.h; path = NewtConf.h; sourceTree = "<group>"; };
		F55B6AC5067844EB008DC1BF /* NewtCore.h */ = {isa = PBXFileReference; fileEncoding = "-2147483647"; lastKnownFileType = sourcecode.c.h; path = NewtCore.h; sourceTree = "<group>"; };
		F55B6AC6067844EB008DC1BF /* NewtEnv.h */ = {isa = PBXFileReference; fileEncoding = "-2147483647"; lastKnownFileType = sourcecode.c.h; path = NewtEnv.h; sourceTree = "<group>"; };
		F55B6AC7067844EB008DC1BF /* NewtErrs.h */ = {isa = PBXFileReference; fileEncoding = "-2147483647"; lastKnownFileType = sourcecode.c.h; path = NewtErrs.h; sourceTree = "<group>"; };
		F55B6AC8067844EB008DC1BF /* NewtFile.h */ = {isa = PBXFileReference; fileEncoding = "-2147483647"; lastKnownFileType = sourcecode.c.h; path = NewtFile.h; sourceTree = "<group>"; };
		F55B6AC9067844EB008DC1BF /* NewtFns.h */ = {isa = PBXFileReference; fileEncoding = "-2147483647"; lastKnownFileType = sourcecode.c.h; path = NewtFns.h; sourceTree = "<group>"; };
		F55B6ACA067844EB008DC1BF /* NewtGC.h */ = {isa = PBXFileReference; fileEncoding = "-2147483647"; lastKnownFileType = sourcecode.c.h; path = NewtGC.h; sourceTree = "<group>"; };
		F55B6ACB067844EB008DC1BF /* NewtIO.h */ = {isa = PBXFileReference; fileEncoding = "-2147483647"; lastKnownFileType = sourcecode.c.h; path = NewtIO.h; sourceTree = "<group>"; };
		F55B6ACC067844EB008DC1BF /* NewtMem.h */ = {isa = PBXFileReference; fileEncoding = "-2147483647"; lastKnownFileType = sourcecode.c.h; path = NewtMem.h; sourceTree = "<group>"; };
		F55B6ACD067844EB008DC1BF /* NewtObj.h */ = {isa = PBXFileReference; fileEncoding = "-2147483647"; lastKnownFileType = sourcecode.c.h; path = NewtObj.h; sourceTree = "<group>"; };
		F55B6ACE067844EB008DC1BF /* NewtParser.h */ = {isa = PBXFileReference; fileEncoding = "-2147483647"; lastKnownFileType = sourcecode.c.h; path = NewtParser.h; sourceTree = "<group>"; };
		F55B6ACF067844EB008DC1BF /* NewtStr.h */ = {isa = PBXFileReference; fileEncoding = "-2147483647"; lastKnownFileType = sourcecode.c.h; path = NewtStr.h; sourceTree = "<group>"; };
		F55B6AD0067844EB008DC1BF /* NewtType.h */ = {isa = PBXFileReference; fileEncoding = "-2147483647"; lastKnownFileType = sourcecode.c.h; path = NewtType.h; sourceTree = "<group>"; };
		F55B6AD1067844EB008DC1BF /* NewtVM.h */ = {isa = PBXFileReference; fileEncoding = "-2147483647"; lastKnownFileType = sourcecode.c.h; path = NewtVM.h; sourceTree = "<group>"; };
		F59E6B2D067D0F8500818CDC /* protoFILE.c */ = {isa = PBXFileReference; fileEncoding = "-2147483647"; lastKnownFileType = sourcecode.c.c; path = protoFILE.c; sourceTree = "<group>"; };
		F5DE13C1082AD7E100BB42A5 /* config.h */ = {isa = PBXFileReference; fileEncoding = "-2147483647"; lastKnownFileType = sourcecode.c.h; path = config.h; sourceTree = "<group>"; };
		F5DE13C4082AD7EC00BB42A5 /* platform.h */ = {isa = PBXFileReference; fileEncoding = "-2147483647"; lastKnownFileType = sourcecode.c.h; path = platform.h; sourceTree = "<group>"; };
/* End PBXFileReference section */

/* Begin PBXGroup section */
		08FB7794FE84155DC02AAC07 /* extLibs */ = {
			isa = PBXGroup;
			children = (
				F55B6AC2067844EB008DC1BF /* Headers */,
				08FB7795FE84155DC02AAC07 /* Source */,
				1AB674ADFE9D54B511CA2CBB /* Products */,
			);
			name = extLibs;
			sourceTree = "<group>";
		};
		08FB7795FE84155DC02AAC07 /* Source */ = {
			isa = PBXGroup;
			children = (
				F59E6B29067D0F8400818CDC /* protoFILE */,
				F5203C080724611C002722B0 /* protoREGEX */,
			);
			name = Source;
			sourceTree = "<group>";
		};
		1AB674ADFE9D54B511CA2CBB /* Products */ = {
			isa = PBXGroup;
			children = (
				D2AAC0630554660B00DB518D /* protoFILE.dylib */,
				F5203C0307246088002722B0 /* protoREGEX.dylib */,
			);
			name = Products;
			sourceTree = "<group>";
		};
		F5203C080724611C002722B0 /* protoREGEX */ = {
			isa = PBXGroup;
			children = (
				F5203C0A0724611C002722B0 /* protoREGEX.c */,
			);
			name = protoREGEX;
			path = ext/protoREGEX;
			sourceTree = "<group>";
		};
		F55B6AC2067844EB008DC1BF /* Headers */ = {
			isa = PBXGroup;
			children = (
				F5DE13C0082AD7E100BB42A5 /* darwin */,
				F5DE13C4082AD7EC00BB42A5 /* platform.h */,
				F55B6AC3067844EB008DC1BF /* NewtBC.h */,
				F55B6AC4067844EB008DC1BF /* NewtConf.h */,
				F55B6AC5067844EB008DC1BF /* NewtCore.h */,
				F55B6AC6067844EB008DC1BF /* NewtEnv.h */,
				F55B6AC7067844EB008DC1BF /* NewtErrs.h */,
				F55B6AC8067844EB008DC1BF /* NewtFile.h */,
				F55B6AC9067844EB008DC1BF /* NewtFns.h */,
				F55B6ACA067844EB008DC1BF /* NewtGC.h */,
				F55B6ACB067844EB008DC1BF /* NewtIO.h */,
				F55A5B0207264A2F002A520F /* NewtLib.h */,
				F55B6ACC067844EB008DC1BF /* NewtMem.h */,
				F55B6ACD067844EB008DC1BF /* NewtObj.h */,
				F55B6ACE067844EB008DC1BF /* NewtParser.h */,
				F558616A07E0A4270080D223 /* NewtPrint.h */,
				F55B6ACF067844EB008DC1BF /* NewtStr.h */,
				F55B6AD0067844EB008DC1BF /* NewtType.h */,
				F55B6AD1067844EB008DC1BF /* NewtVM.h */,
			);
			name = Headers;
			path = src/newt_core/incs;
			sourceTree = "<group>";
		};
		F59E6B29067D0F8400818CDC /* protoFILE */ = {
			isa = PBXGroup;
			children = (
				F59E6B2D067D0F8500818CDC /* protoFILE.c */,
			);
			name = protoFILE;
			path = ext/protoFILE;
			sourceTree = "<group>";
		};
		F5DE13C0082AD7E100BB42A5 /* darwin */ = {
			isa = PBXGroup;
			children = (
				F5DE13C1082AD7E100BB42A5 /* config.h */,
			);
			path = darwin;
			sourceTree = "<group>";
		};
/* End PBXGroup section */

/* Begin PBXHeadersBuildPhase section */
		D2AAC0600554660B00DB518D /* Headers */ = {
			isa = PBXHeadersBuildPhase;
			buildActionMask = 2147483647;
			files = (
				F55B6AD2067844EB008DC1BF /* NewtBC.h in Headers */,
				F55B6AD3067844EB008DC1BF /* NewtConf.h in Headers */,
				F55B6AD4067844EB008DC1BF /* NewtCore.h in Headers */,
				F55B6AD5067844EB008DC1BF /* NewtEnv.h in Headers */,
				F55B6AD6067844EB008DC1BF /* NewtErrs.h in Headers */,
				F55B6AD7067844EB008DC1BF /* NewtFile.h in Headers */,
				F55B6AD8067844EB008DC1BF /* NewtFns.h in Headers */,
				F55B6AD9067844EB008DC1BF /* NewtGC.h in Headers */,
				F55B6ADA067844EB008DC1BF /* NewtIO.h in Headers */,
				F55B6ADB067844EB008DC1BF /* NewtMem.h in Headers */,
				F55B6ADC067844EB008DC1BF /* NewtObj.h in Headers */,
				F55B6ADD067844EB008DC1BF /* NewtParser.h in Headers */,
				F55B6ADE067844EB008DC1BF /* NewtStr.h in Headers */,
				F55B6ADF067844EB008DC1BF /* NewtType.h in Headers */,
				F55B6AE0067844EB008DC1BF /* NewtVM.h in Headers */,
				F55A5B0407264A2F002A520F /* NewtLib.h in Headers */,
				F558616B07E0A4270080D223 /* NewtPrint.h in Headers */,
				F5DE13C2082AD7E100BB42A5 /* config.h in Headers */,
				F5DE13C5082AD7EC00BB42A5 /* platform.h in Headers */,
			);
			runOnlyForDeploymentPostprocessing = 0;
		};
		F5203BF007246088002722B0 /* Headers */ = {
			isa = PBXHeadersBuildPhase;
			buildActionMask = 2147483647;
			files = (
				F5203BF107246088002722B0 /* NewtBC.h in Headers */,
				F5203BF207246088002722B0 /* NewtConf.h in Headers */,
				F5203BF307246088002722B0 /* NewtCore.h in Headers */,
				F5203BF407246088002722B0 /* NewtEnv.h in Headers */,
				F5203BF507246088002722B0 /* NewtErrs.h in Headers */,
				F5203BF607246088002722B0 /* NewtFile.h in Headers */,
				F5203BF707246088002722B0 /* NewtFns.h in Headers */,
				F5203BF807246088002722B0 /* NewtGC.h in Headers */,
				F5203BF907246088002722B0 /* NewtIO.h in Headers */,
				F5203BFA07246088002722B0 /* NewtMem.h in Headers */,
				F5203BFB07246088002722B0 /* NewtObj.h in Headers */,
				F5203BFC07246088002722B0 /* NewtParser.h in Headers */,
				F5203BFD07246088002722B0 /* NewtStr.h in Headers */,
				F5203BFE07246088002722B0 /* NewtType.h in Headers */,
				F5203BFF07246088002722B0 /* NewtVM.h in Headers */,
				F55A5B0307264A2F002A520F /* NewtLib.h in Headers */,
				F558616C07E0A4270080D223 /* NewtPrint.h in Headers */,
				F5DE13C3082AD7E100BB42A5 /* config.h in Headers */,
				F5DE13C6082AD7EC00BB42A5 /* platform.h in Headers */,
			);
			runOnlyForDeploymentPostprocessing = 0;
		};
/* End PBXHeadersBuildPhase section */

/* Begin PBXNativeTarget section */
		D2AAC0620554660B00DB518D /* protoFILE */ = {
			isa = PBXNativeTarget;
			buildConfigurationList = F5413034096D1E1900CFD896 /* Build configuration list for PBXNativeTarget "protoFILE" */;
			buildPhases = (
				D2AAC0600554660B00DB518D /* Headers */,
				D2AAC0610554660B00DB518D /* Sources */,
			);
			buildRules = (
			);
			dependencies = (
			);
			name = protoFILE;
			productName = extLibs;
			productReference = D2AAC0630554660B00DB518D /* protoFILE.dylib */;
			productType = "com.apple.product-type.library.dynamic";
		};
		F5203BEF07246088002722B0 /* protoREGEX */ = {
			isa = PBXNativeTarget;
			buildConfigurationList = F5413038096D1E1900CFD896 /* Build configuration list for PBXNativeTarget "protoREGEX" */;
			buildPhases = (
				F5203BF007246088002722B0 /* Headers */,
				F5203C0107246088002722B0 /* Sources */,
			);
			buildRules = (
			);
			dependencies = (
			);
			name = protoREGEX;
			productName = extLibs;
			productReference = F5203C0307246088002722B0 /* protoREGEX.dylib */;
			productType = "com.apple.product-type.library.dynamic";
		};
/* End PBXNativeTarget section */

/* Begin PBXProject section */
		08FB7793FE84155DC02AAC07 /* Project object */ = {
			isa = PBXProject;
			buildConfigurationList = F5413040096D1E1900CFD896 /* Build configuration list for PBXProject "ext" */;
			hasScannedForEncodings = 1;
			mainGroup = 08FB7794FE84155DC02AAC07 /* extLibs */;
			projectDirPath = "";
			targets = (
				D2AAC0620554660B00DB518D /* protoFILE */,
				F5203BEF07246088002722B0 /* protoREGEX */,
				F5203CC10724744B002722B0 /* all */,
			);
		};
/* End PBXProject section */

/* Begin PBXSourcesBuildPhase section */
		D2AAC0610554660B00DB518D /* Sources */ = {
			isa = PBXSourcesBuildPhase;
			buildActionMask = 2147483647;
			files = (
				F5203C410724683F002722B0 /* protoFILE.c in Sources */,
			);
			runOnlyForDeploymentPostprocessing = 0;
		};
		F5203C0107246088002722B0 /* Sources */ = {
			isa = PBXSourcesBuildPhase;
			buildActionMask = 2147483647;
			files = (
				F5203C0D0724611C002722B0 /* protoREGEX.c in Sources */,
			);
			runOnlyForDeploymentPostprocessing = 0;
		};
/* End PBXSourcesBuildPhase section */

/* Begin PBXTargetDependency section */
		F5203CC307247489002722B0 /* PBXTargetDependency */ = {
			isa = PBXTargetDependency;
			target = D2AAC0620554660B00DB518D /* protoFILE */;
			targetProxy = F5203CC207247489002722B0 /* PBXContainerItemProxy */;
		};
		F5203CC507247489002722B0 /* PBXTargetDependency */ = {
			isa = PBXTargetDependency;
			target = F5203BEF07246088002722B0 /* protoREGEX */;
			targetProxy = F5203CC407247489002722B0 /* PBXContainerItemProxy */;
		};
/* End PBXTargetDependency section */

/* Begin XCBuildConfiguration section */
		F5413035096D1E1900CFD896 /* Development */ = {
			isa = XCBuildConfiguration;
			buildSettings = {
				COPY_PHASE_STRIP = NO;
				DEBUGGING_SYMBOLS = YES;
				DYLIB_COMPATIBILITY_VERSION = 1;
				DYLIB_CURRENT_VERSION = 1;
				GCC_DYNAMIC_NO_PIC = NO;
				GCC_ENABLE_FIX_AND_CONTINUE = YES;
				GCC_GENERATE_DEBUGGING_SYMBOLS = YES;
				GCC_OPTIMIZATION_LEVEL = 0;
				GCC_WARN_FOUR_CHARACTER_CONSTANTS = NO;
				GCC_WARN_UNKNOWN_PRAGMAS = NO;
				INSTALL_PATH = "";
				LIBRARY_STYLE = BUNDLE;
				MACH_O_TYPE = mh_dylib;
				OPTIMIZATION_CFLAGS = "-O0";
				OTHER_CFLAGS = "";
				OTHER_LDFLAGS = (
					"-undefined",
					suppress,
					"-flat_namespace",
				);
				OTHER_REZFLAGS = "";
				PREBINDING = NO;
				PRODUCT_NAME = protoFILE;
				SECTORDER_FLAGS = "";
				WARNING_CFLAGS = "-Wmost";
				ZERO_LINK = YES;
			};
			name = Development;
		};
		F5413036096D1E1900CFD896 /* Deployment */ = {
			isa = XCBuildConfiguration;
			buildSettings = {
				COPY_PHASE_STRIP = YES;
				DYLIB_COMPATIBILITY_VERSION = 1;
				DYLIB_CURRENT_VERSION = 1;
				GCC_ENABLE_FIX_AND_CONTINUE = NO;
				GCC_WARN_FOUR_CHARACTER_CONSTANTS = NO;
				GCC_WARN_UNKNOWN_PRAGMAS = NO;
				INSTALL_PATH = "";
				LIBRARY_STYLE = BUNDLE;
				MACH_O_TYPE = mh_dylib;
				OTHER_CFLAGS = "";
				OTHER_LDFLAGS = (
					"-undefined",
					suppress,
					"-flat_namespace",
				);
				OTHER_REZFLAGS = "";
				PREBINDING = NO;
				PRODUCT_NAME = protoFILE;
				SECTORDER_FLAGS = "";
				WARNING_CFLAGS = "-Wmost";
				ZERO_LINK = NO;
			};
			name = Deployment;
		};
		F5413037096D1E1900CFD896 /* Default */ = {
			isa = XCBuildConfiguration;
			buildSettings = {
				DYLIB_COMPATIBILITY_VERSION = 1;
				DYLIB_CURRENT_VERSION = 1;
				GCC_WARN_FOUR_CHARACTER_CONSTANTS = NO;
				GCC_WARN_UNKNOWN_PRAGMAS = NO;
				INSTALL_PATH = "";
				LIBRARY_STYLE = BUNDLE;
				MACH_O_TYPE = mh_dylib;
				OTHER_CFLAGS = "";
				OTHER_LDFLAGS = (
					"-undefined",
					suppress,
					"-flat_namespace",
				);
				OTHER_REZFLAGS = "";
				PREBINDING = NO;
				PRODUCT_NAME = protoFILE;
				SECTORDER_FLAGS = "";
				WARNING_CFLAGS = "-Wmost";
			};
			name = Default;
		};
		F5413039096D1E1900CFD896 /* Development */ = {
			isa = XCBuildConfiguration;
			buildSettings = {
				COPY_PHASE_STRIP = NO;
				DEBUGGING_SYMBOLS = YES;
				DYLIB_COMPATIBILITY_VERSION = 1;
				DYLIB_CURRENT_VERSION = 1;
				GCC_DYNAMIC_NO_PIC = NO;
				GCC_ENABLE_FIX_AND_CONTINUE = YES;
				GCC_GENERATE_DEBUGGING_SYMBOLS = YES;
				GCC_OPTIMIZATION_LEVEL = 0;
				GCC_WARN_FOUR_CHARACTER_CONSTANTS = NO;
				GCC_WARN_UNKNOWN_PRAGMAS = NO;
				INSTALL_PATH = "";
				LIBRARY_STYLE = BUNDLE;
				MACH_O_TYPE = mh_dylib;
				OPTIMIZATION_CFLAGS = "-O0";
				OTHER_CFLAGS = "";
				OTHER_LDFLAGS = (
					"-undefined",
					suppress,
					"-flat_namespace",
				);
				OTHER_REZFLAGS = "";
				PREBINDING = NO;
				PRODUCT_NAME = protoREGEX;
				SECTORDER_FLAGS = "";
				WARNING_CFLAGS = "-Wmost";
				ZERO_LINK = YES;
			};
			name = Development;
		};
		F541303A096D1E1900CFD896 /* Deployment */ = {
			isa = XCBuildConfiguration;
			buildSettings = {
				COPY_PHASE_STRIP = YES;
				DYLIB_COMPATIBILITY_VERSION = 1;
				DYLIB_CURRENT_VERSION = 1;
				GCC_ENABLE_FIX_AND_CONTINUE = NO;
				GCC_OPTIMIZATION_LEVEL = s;
				GCC_WARN_FOUR_CHARACTER_CONSTANTS = NO;
				GCC_WARN_UNKNOWN_PRAGMAS = NO;
				INSTALL_PATH = "";
				LIBRARY_STYLE = BUNDLE;
				MACH_O_TYPE = mh_dylib;
				OTHER_CFLAGS = "";
				OTHER_LDFLAGS = (
					"-undefined",
					suppress,
					"-flat_namespace",
				);
				OTHER_REZFLAGS = "";
				PREBINDING = NO;
				PRODUCT_NAME = protoREGEX;
				SECTORDER_FLAGS = "";
				WARNING_CFLAGS = "-Wmost";
				ZERO_LINK = NO;
			};
			name = Deployment;
		};
		F541303B096D1E1900CFD896 /* Default */ = {
			isa = XCBuildConfiguration;
			buildSettings = {
				DYLIB_COMPATIBILITY_VERSION = 1;
				DYLIB_CURRENT_VERSION = 1;
				GCC_OPTIMIZATION_LEVEL = s;
				GCC_WARN_FOUR_CHARACTER_CONSTANTS = NO;
				GCC_WARN_UNKNOWN_PRAGMAS = NO;
				INSTALL_PATH = "";
				LIBRARY_STYLE = BUNDLE;
				MACH_O_TYPE = mh_dylib;
				OTHER_CFLAGS = "";
				OTHER_LDFLAGS = (
					"-undefined",
					suppress,
					"-flat_namespace",
				);
				OTHER_REZFLAGS = "";
				PREBINDING = NO;
				PRODUCT_NAME = protoREGEX;
				SECTORDER_FLAGS = "";
				WARNING_CFLAGS = "-Wmost";
			};
			name = Default;
		};
		F541303D096D1E1900CFD896 /* Development */ = {
			isa = XCBuildConfiguration;
			buildSettings = {
				COPY_PHASE_STRIP = NO;
				DEBUGGING_SYMBOLS = YES;
				GCC_DYNAMIC_NO_PIC = NO;
				GCC_ENABLE_FIX_AND_CONTINUE = YES;
				GCC_GENERATE_DEBUGGING_SYMBOLS = YES;
				GCC_OPTIMIZATION_LEVEL = 0;
				OPTIMIZATION_CFLAGS = "-O0";
				OTHER_CFLAGS = "";
				OTHER_LDFLAGS = "";
				OTHER_REZFLAGS = "";
				PRODUCT_NAME = all;
				SECTORDER_FLAGS = "";
				WARNING_CFLAGS = (
					"-Wmost",
					"-Wno-four-char-constants",
					"-Wno-unknown-pragmas",
				);
				ZERO_LINK = YES;
			};
			name = Development;
		};
		F541303E096D1E1900CFD896 /* Deployment */ = {
			isa = XCBuildConfiguration;
			buildSettings = {
				COPY_PHASE_STRIP = YES;
				GCC_ENABLE_FIX_AND_CONTINUE = NO;
				OTHER_CFLAGS = "";
				OTHER_LDFLAGS = "";
				OTHER_REZFLAGS = "";
				PRODUCT_NAME = all;
				SECTORDER_FLAGS = "";
				WARNING_CFLAGS = (
					"-Wmost",
					"-Wno-four-char-constants",
					"-Wno-unknown-pragmas",
				);
				ZERO_LINK = NO;
			};
			name = Deployment;
		};
		F541303F096D1E1900CFD896 /* Default */ = {
			isa = XCBuildConfiguration;
			buildSettings = {
				OTHER_CFLAGS = "";
				OTHER_LDFLAGS = "";
				OTHER_REZFLAGS = "";
				PRODUCT_NAME = all;
				SECTORDER_FLAGS = "";
				WARNING_CFLAGS = (
					"-Wmost",
					"-Wno-four-char-constants",
					"-Wno-unknown-pragmas",
				);
			};
			name = Default;
		};
		F5413041096D1E1900CFD896 /* Development */ = {
			isa = XCBuildConfiguration;
			buildSettings = {
			};
			name = Development;
		};
		F5413042096D1E1900CFD896 /* Deployment */ = {
			isa = XCBuildConfiguration;
			buildSettings = {
			};
			name = Deployment;
		};
		F5413043096D1E1900CFD896 /* Default */ = {
			isa = XCBuildConfiguration;
			buildSettings = {
			};
			name = Default;
		};
/* End XCBuildConfiguration section */

/* Begin XCConfigurationList section */
		F5413034096D1E1900CFD896 /* Build configuration list for PBXNativeTarget "protoFILE" */ = {
			isa = XCConfigurationList;
			buildConfigurations = (
				F5413035096D1E1900CFD896 /* Development */,
				F5413036096D1E1900CFD896 /* Deployment */,
				F5413037096D1E1900CFD896 /* Default */,
			);
			defaultConfigurationIsVisible = 0;
			defaultConfigurationName = Default;
		};
		F5413038096D1E1900CFD896 /* Build configuration list for PBXNativeTarget "protoREGEX" */ = {
			isa = XCConfigurationList;
			buildConfigurations = (
				F5413039096D1E1900CFD896 /* Development */,
				F541303A096D1E1900CFD896 /* Deployment */,
				F541303B096D1E1900CFD896 /* Default */,
			);
			defaultConfigurationIsVisible = 0;
			defaultConfigurationName = Default;
		};
		F541303C096D1E1900CFD896 /* Build configuration list for PBXAggregateTarget "all" */ = {
			isa = XCConfigurationList;
			buildConfigurations = (
				F541303D096D1E1900CFD896 /* Development */,
				F541303E096D1E1900CFD896 /* Deployment */,
				F541303F096D1E1900CFD896 /* Default */,
			);
			defaultConfigurationIsVisible = 0;
			defaultConfigurationName = Default;
		};
		F5413040096D1E1900CFD896 /* Build configuration list for PBXProject "ext" */ = {
			isa = XCConfigurationList;
			buildConfigurations = (
				F5413041096D1E1900CFD896 /* Development */,
				F5413042096D1E1900CFD896 /* Deployment */,
				F5413043096D1E1900CFD896 /* Default */,
			);
			defaultConfigurationIsVisible = 0;
			defaultConfigurationName = Default;
		};
/* End XCConfigurationList section */
	};
	rootObject = 08FB7793FE84155DC02AAC07 /* Project object */;
}
