// !$*UTF8*$!
{
	archiveVersion = 1;
	classes = {
	};
	objectVersion = 39;
	objects = {
		014CEA520018CE5811CA2923 = {
			buildSettings = {
				COPY_PHASE_STRIP = NO;
				DEBUGGING_SYMBOLS = YES;
				GCC_DYNAMIC_NO_PIC = NO;
				GCC_ENABLE_FIX_AND_CONTINUE = YES;
				GCC_GENERATE_DEBUGGING_SYMBOLS = YES;
				GCC_OPTIMIZATION_LEVEL = 0;
				OPTIMIZATION_CFLAGS = "-O0";
				ZERO_LINK = YES;
			};
			isa = PBXBuildStyle;
			name = Development;
		};
		014CEA530018CE5811CA2923 = {
			buildSettings = {
				COPY_PHASE_STRIP = YES;
				GCC_ENABLE_FIX_AND_CONTINUE = NO;
				ZERO_LINK = NO;
			};
			isa = PBXBuildStyle;
			name = Deployment;
		};
//010
//011
//012
//013
//014
//080
//081
//082
//083
//084
		08FB7793FE84155DC02AAC07 = {
			buildSettings = {
			};
			buildStyles = (
				014CEA520018CE5811CA2923,
				014CEA530018CE5811CA2923,
			);
			hasScannedForEncodings = 1;
			isa = PBXProject;
			mainGroup = 08FB7794FE84155DC02AAC07;
			projectDirPath = "";
			targets = (
				8DD76FA90486AB0100D96B5E,
				F5AFECA4055CDC21002C8506,
			);
		};
		08FB7794FE84155DC02AAC07 = {
			children = (
				08FB7795FE84155DC02AAC07,
				F52FA68F0594745700087763,
				C6A0FF2B0290797F04C91782,
				1AB674ADFE9D54B511CA2CBB,
			);
			isa = PBXGroup;
			name = newt;
			refType = 4;
			sourceTree = "<group>";
		};
		08FB7795FE84155DC02AAC07 = {
			children = (
				F5ACB05106412D4900DB6CF9,
				F5E14B0805798559009742A2,
				F5E14ADA057984FA009742A2,
				F5E14ADB057984FA009742A2,
			);
			isa = PBXGroup;
			name = Sources;
			refType = 4;
			sourceTree = "<group>";
		};
//080
//081
//082
//083
//084
//1A0
//1A1
//1A2
//1A3
//1A4
		1AB674ADFE9D54B511CA2CBB = {
			children = (
				F57FD4CB0649AF42009A981B,
				8DD76FB20486AB0100D96B5E,
				F5AFECA5055CDC21002C8506,
			);
			isa = PBXGroup;
			name = Products;
			refType = 4;
			sourceTree = "<group>";
		};
//1A0
//1A1
//1A2
//1A3
//1A4
//8D0
//8D1
//8D2
//8D3
//8D4
		8DD76FA90486AB0100D96B5E = {
			buildPhases = (
				8DD76FAA0486AB0100D96B5E,
				8DD76FAB0486AB0100D96B5E,
				8DD76FAD0486AB0100D96B5E,
				8DD76FAE0486AB0100D96B5E,
				8DD76FAF0486AB0100D96B5E,
			);
			buildRules = (
			);
			buildSettings = {
				COPY_PHASE_STRIP = YES;
				FRAMEWORK_SEARCH_PATHS = "";
				FRAMEWORK_VERSION = A;
				GCC_DYNAMIC_NO_PIC = YES;
				GCC_ENABLE_TRIGRAPHS = NO;
				GCC_GENERATE_DEBUGGING_SYMBOLS = NO;
				GCC_PRECOMPILE_PREFIX_HEADER = NO;
				GCC_PREPROCESSOR_DEFINITIONS = "";
				GCC_SYMBOLS_PRIVATE_EXTERN = NO;
				GCC_WARN_ABOUT_MISSING_PROTOTYPES = NO;
				GCC_WARN_FOUR_CHARACTER_CONSTANTS = NO;
				GCC_WARN_UNKNOWN_PRAGMAS = NO;
				HEADER_SEARCH_PATHS = "";
				INSTALL_PATH = "$(HOME)/bin";
				LIBRARY_SEARCH_PATHS = "";
				LIBRARY_STYLE = STATIC;
				OTHER_CFLAGS = "";
				OTHER_LDFLAGS = "";
				OTHER_REZFLAGS = "";
				PREBINDING = NO;
				PRODUCT_NAME = newt;
				REZ_EXECUTABLE = YES;
				SECTORDER_FLAGS = "";
				WARNING_CFLAGS = "-Wmost -Wno-four-char-constants -Wno-unknown-pragmas";
				ZERO_LINK = NO;
			};
			dependencies = (
				F52FA694059476E900087763,
			);
			isa = PBXNativeTarget;
			name = newt;
			productInstallPath = "$(HOME)/bin";
			productName = newt;
			productReference = 8DD76FB20486AB0100D96B5E;
			productType = "com.apple.product-type.tool";
		};
		8DD76FAA0486AB0100D96B5E = {
			buildActionMask = 2147483647;
			files = (
				F5E14ADD057984FA009742A2,
				F5E14B150579859C009742A2,
				F5E14B160579859D009742A2,
				F5ACB06B06412D4900DB6CF9,
				F5ACB06C06412D4900DB6CF9,
				F5ACB06D06412D4900DB6CF9,
				F5ACB06E06412D4900DB6CF9,
				F5ACB06F06412D4900DB6CF9,
				F5ACB07006412D4900DB6CF9,
				F5ACB07106412D4900DB6CF9,
				F5ACB07206412D4900DB6CF9,
				F5ACB07306412D4900DB6CF9,
				F5ACB07406412D4900DB6CF9,
				F5ACB07506412D4900DB6CF9,
				F5ACB07606412D4900DB6CF9,
				F5ACB07706412D4900DB6CF9,
				F5ACB07806412D4900DB6CF9,
				F57FD4CC0649AF42009A981B,
				F53BCC710670CDF00013103E,
				F55A5AF80726499E002A520F,
				F5622F0407E0290F009AAF9A,
				F5622F0507E02910009AAF9A,
				F5622F2607E029FC009AAF9A,
				F5622F2707E029FC009AAF9A,
				F55860FA07E09F800080D223,
				F5F69C0207E8F36E0086BCEA,
				F57E7A0D07FD362400256511,
				F5DE1346082AD4A500BB42A5,
			);
			isa = PBXHeadersBuildPhase;
			runOnlyForDeploymentPostprocessing = 0;
		};
		8DD76FAB0486AB0100D96B5E = {
			buildActionMask = 2147483647;
			files = (
				F5E14ADC057984FA009742A2,
				F5E14B140579859B009742A2,
				F5E14B170579859E009742A2,
				F5ACB07906412D4900DB6CF9,
				F5ACB07A06412D4900DB6CF9,
				F5ACB07B06412D4900DB6CF9,
				F5ACB07C06412D4900DB6CF9,
				F5ACB07D06412D4900DB6CF9,
				F5ACB07E06412D4900DB6CF9,
				F5ACB07F06412D4900DB6CF9,
				F5ACB08006412D4900DB6CF9,
				F5ACB08106412D4900DB6CF9,
				F5ACB08206412D4900DB6CF9,
				F53BCC6D0670CDBD0013103E,
				F55860F407E09F5F0080D223,
				F57E7A1407FD365100256511,
			);
			isa = PBXSourcesBuildPhase;
			runOnlyForDeploymentPostprocessing = 0;
		};
		8DD76FAD0486AB0100D96B5E = {
			buildActionMask = 2147483647;
			files = (
				F52FA6830594714000087763,
			);
			isa = PBXFrameworksBuildPhase;
			runOnlyForDeploymentPostprocessing = 0;
		};
		8DD76FAE0486AB0100D96B5E = {
			buildActionMask = 2147483647;
			files = (
			);
			isa = PBXRezBuildPhase;
			runOnlyForDeploymentPostprocessing = 0;
		};
		8DD76FAF0486AB0100D96B5E = {
			buildActionMask = 8;
			dstPath = /usr/share/man/man1/;
			dstSubfolderSpec = 0;
			files = (
			);
			isa = PBXCopyFilesBuildPhase;
			runOnlyForDeploymentPostprocessing = 1;
		};
		8DD76FB20486AB0100D96B5E = {
			explicitFileType = "compiled.mach-o.executable";
			includeInIndex = 0;
			isa = PBXFileReference;
			path = newt;
			refType = 3;
			sourceTree = BUILT_PRODUCTS_DIR;
		};
//8D0
//8D1
//8D2
//8D3
//8D4
//C60
//C61
//C62
//C63
//C64
		C6A0FF2B0290797F04C91782 = {
			children = (
				F51B87490714CD1100D01694,
				F51B87470714CD1100D01694,
				F51B87450714CD1100D01694,
				F51B87480714CD1100D01694,
				F51B87460714CD1100D01694,
			);
			isa = PBXGroup;
			name = Documentation;
			path = documents;
			refType = 4;
			sourceTree = "<group>";
		};
//C60
//C61
//C62
//C63
//C64
//F50
//F51
//F52
//F53
//F54
		F51B87450714CD1100D01694 = {
			fileEncoding = "-2147483647";
			isa = PBXFileReference;
			lastKnownFileType = text;
			path = 03_problem.txt;
			refType = 4;
			sourceTree = "<group>";
		};
		F51B87460714CD1100D01694 = {
			fileEncoding = "-2147483647";
			isa = PBXFileReference;
			lastKnownFileType = text;
			path = 05_implement.txt;
			refType = 4;
			sourceTree = "<group>";
		};
		F51B87470714CD1100D01694 = {
			fileEncoding = "-2147483647";
			isa = PBXFileReference;
			lastKnownFileType = text;
			path = 02_difference.txt;
			refType = 4;
			sourceTree = "<group>";
		};
		F51B87480714CD1100D01694 = {
			fileEncoding = "-2147483647";
			isa = PBXFileReference;
			lastKnownFileType = text;
			path = 04_library.txt;
			refType = 4;
			sourceTree = "<group>";
		};
		F51B87490714CD1100D01694 = {
			fileEncoding = "-2147483647";
			isa = PBXFileReference;
			lastKnownFileType = text;
			path = 01_howto.txt;
			refType = 4;
			sourceTree = "<group>";
		};
		F52FA67B059470D600087763 = {
			fileRef = F5E14B0C05798559009742A2;
			isa = PBXBuildFile;
			settings = {
			};
		};
		F52FA6830594714000087763 = {
			fileRef = F5AFECA5055CDC21002C8506;
			isa = PBXBuildFile;
			settings = {
			};
		};
		F52FA68B0594742F00087763 = {
			isa = PBXFileReference;
			lastKnownFileType = archive.ar;
			name = libl.a;
			path = /usr/lib/libl.a;
			refType = 0;
			sourceTree = "<absolute>";
		};
		F52FA68F0594745700087763 = {
			children = (
				F52FA68B0594742F00087763,
			);
			isa = PBXGroup;
			name = Frameworks;
			path = "";
			refType = 4;
			sourceTree = "<group>";
		};
		F52FA693059476E900087763 = {
			containerPortal = 08FB7793FE84155DC02AAC07;
			isa = PBXContainerItemProxy;
			proxyType = 1;
			remoteGlobalIDString = F5AFECA4055CDC21002C8506;
			remoteInfo = libnewtyy;
		};
		F52FA694059476E900087763 = {
			isa = PBXTargetDependency;
			target = F5AFECA4055CDC21002C8506;
			targetProxy = F52FA693059476E900087763;
		};
		F53BCC6C0670CDBD0013103E = {
			fileEncoding = "-2147483647";
			isa = PBXFileReference;
			lastKnownFileType = sourcecode.c.c;
			path = NewtIO.c;
			refType = 4;
			sourceTree = "<group>";
		};
		F53BCC6D0670CDBD0013103E = {
			fileRef = F53BCC6C0670CDBD0013103E;
			isa = PBXBuildFile;
			settings = {
			};
		};
		F53BCC700670CDF00013103E = {
			fileEncoding = "-2147483647";
			isa = PBXFileReference;
			lastKnownFileType = sourcecode.c.h;
			path = NewtIO.h;
			refType = 4;
			sourceTree = "<group>";
		};
		F53BCC710670CDF00013103E = {
			fileRef = F53BCC700670CDF00013103E;
			isa = PBXBuildFile;
			settings = {
			};
		};
		F541CF5007D8582D0071DCE6 = {
			children = (
				F541CF5107D8582D0071DCE6,
				F5622F2307E029FC009AAF9A,
				F5622F2407E029FC009AAF9A,
				F5622ED907E0273B009AAF9A,
			);
			isa = PBXGroup;
			path = Newton;
			refType = 4;
			sourceTree = "<group>";
		};
		F541CF5107D8582D0071DCE6 = {
			fileEncoding = "-2147483647";
			isa = PBXFileReference;
			lastKnownFileType = sourcecode.c.h;
			path = Newton.h;
			refType = 4;
			sourceTree = "<group>";
		};
		F55860F307E09F5F0080D223 = {
			fileEncoding = "-2147483647";
			isa = PBXFileReference;
			lastKnownFileType = sourcecode.c.c;
			path = NewtPrint.c;
			refType = 4;
			sourceTree = "<group>";
		};
		F55860F407E09F5F0080D223 = {
			fileRef = F55860F307E09F5F0080D223;
			isa = PBXBuildFile;
			settings = {
			};
		};
		F55860F907E09F800080D223 = {
			fileEncoding = "-2147483647";
			isa = PBXFileReference;
			lastKnownFileType = sourcecode.c.h;
			path = NewtPrint.h;
			refType = 4;
			sourceTree = "<group>";
		};
		F55860FA07E09F800080D223 = {
			fileRef = F55860F907E09F800080D223;
			isa = PBXBuildFile;
			settings = {
			};
		};
		F55A5AF70726499E002A520F = {
			fileEncoding = "-2147483647";
			isa = PBXFileReference;
			lastKnownFileType = sourcecode.c.h;
			path = NewtLib.h;
			refType = 4;
			sourceTree = "<group>";
		};
		F55A5AF80726499E002A520F = {
			fileRef = F55A5AF70726499E002A520F;
			isa = PBXBuildFile;
			settings = {
			};
		};
		F5622ED907E0273B009AAF9A = {
			fileEncoding = "-2147483647";
			isa = PBXFileReference;
			lastKnownFileType = sourcecode.c.h;
			path = Objects.h;
			refType = 4;
			sourceTree = "<group>";
		};
		F5622F0407E0290F009AAF9A = {
			fileRef = F5622ED907E0273B009AAF9A;
			isa = PBXBuildFile;
			settings = {
			};
		};
		F5622F0507E02910009AAF9A = {
			fileRef = F541CF5107D8582D0071DCE6;
			isa = PBXBuildFile;
			settings = {
			};
		};
		F5622F2307E029FC009AAF9A = {
			fileEncoding = "-2147483647";
			isa = PBXFileReference;
			lastKnownFileType = sourcecode.c.h;
			path = NewtonMemory.h;
			refType = 4;
			sourceTree = "<group>";
		};
		F5622F2407E029FC009AAF9A = {
			fileEncoding = "-2147483647";
			isa = PBXFileReference;
			lastKnownFileType = sourcecode.c.h;
			path = NewtonExceptions.h;
			refType = 4;
			sourceTree = "<group>";
		};
		F5622F2607E029FC009AAF9A = {
			fileRef = F5622F2307E029FC009AAF9A;
			isa = PBXBuildFile;
			settings = {
			};
		};
		F5622F2707E029FC009AAF9A = {
			fileRef = F5622F2407E029FC009AAF9A;
			isa = PBXBuildFile;
			settings = {
			};
		};
		F57E7A0C07FD362400256511 = {
			fileEncoding = "-2147483647";
			isa = PBXFileReference;
			lastKnownFileType = sourcecode.c.h;
			path = NewtNSOF.h;
			refType = 4;
			sourceTree = "<group>";
		};
		F57E7A0D07FD362400256511 = {
			fileRef = F57E7A0C07FD362400256511;
			isa = PBXBuildFile;
			settings = {
			};
		};
		F57E7A1307FD365100256511 = {
			fileEncoding = "-2147483647";
			isa = PBXFileReference;
			lastKnownFileType = sourcecode.c.c;
			path = NewtNSOF.c;
			refType = 4;
			sourceTree = "<group>";
		};
		F57E7A1407FD365100256511 = {
			fileRef = F57E7A1307FD365100256511;
			isa = PBXBuildFile;
			settings = {
			};
		};
		F57FD4CB0649AF42009A981B = {
			fileEncoding = "-2147483647";
			isa = PBXFileReference;
			lastKnownFileType = sourcecode.c.h;
			name = y.tab.h;
			path = build/newt.build/newtyy.build/DerivedSources/y.tab.h;
			refType = 4;
			sourceTree = "<group>";
		};
		F57FD4CC0649AF42009A981B = {
			fileRef = F57FD4CB0649AF42009A981B;
			isa = PBXBuildFile;
			settings = {
			};
		};
		F5ACB05106412D4900DB6CF9 = {
			children = (
				F5ACB05206412D4900DB6CF9,
				F5ACB06106412D4900DB6CF9,
				F5ACB06206412D4900DB6CF9,
				F5ACB06306412D4900DB6CF9,
				F5ACB06406412D4900DB6CF9,
				F5ACB06506412D4900DB6CF9,
				F53BCC6C0670CDBD0013103E,
				F5ACB06606412D4900DB6CF9,
				F57E7A1307FD365100256511,
				F5ACB06706412D4900DB6CF9,
				F5ACB06806412D4900DB6CF9,
				F55860F307E09F5F0080D223,
				F5ACB06906412D4900DB6CF9,
				F5ACB06A06412D4900DB6CF9,
			);
			isa = PBXGroup;
			name = newt_core;
			path = src/newt_core;
			refType = 4;
			sourceTree = "<group>";
		};
		F5ACB05206412D4900DB6CF9 = {
			children = (
				F5DE1344082AD4A500BB42A5,
				F5F69C0107E8F36E0086BCEA,
				F541CF5007D8582D0071DCE6,
				F5ACB05306412D4900DB6CF9,
				F5ACB05406412D4900DB6CF9,
				F5ACB05506412D4900DB6CF9,
				F5ACB05606412D4900DB6CF9,
				F5ACB05706412D4900DB6CF9,
				F5ACB05806412D4900DB6CF9,
				F5ACB05906412D4900DB6CF9,
				F5ACB05A06412D4900DB6CF9,
				F53BCC700670CDF00013103E,
				F55A5AF70726499E002A520F,
				F5ACB05B06412D4900DB6CF9,
				F57E7A0C07FD362400256511,
				F5ACB05C06412D4900DB6CF9,
				F5ACB05D06412D4900DB6CF9,
				F55860F907E09F800080D223,
				F5ACB05E06412D4900DB6CF9,
				F5ACB05F06412D4900DB6CF9,
				F5ACB06006412D4900DB6CF9,
			);
			isa = PBXGroup;
			path = incs;
			refType = 4;
			sourceTree = "<group>";
		};
		F5ACB05306412D4900DB6CF9 = {
			fileEncoding = "-2147483647";
			isa = PBXFileReference;
			lastKnownFileType = sourcecode.c.h;
			path = NewtBC.h;
			refType = 4;
			sourceTree = "<group>";
		};
		F5ACB05406412D4900DB6CF9 = {
			fileEncoding = "-2147483647";
			isa = PBXFileReference;
			lastKnownFileType = sourcecode.c.h;
			path = NewtConf.h;
			refType = 4;
			sourceTree = "<group>";
		};
		F5ACB05506412D4900DB6CF9 = {
			fileEncoding = "-2147483647";
			isa = PBXFileReference;
			lastKnownFileType = sourcecode.c.h;
			path = NewtCore.h;
			refType = 4;
			sourceTree = "<group>";
		};
		F5ACB05606412D4900DB6CF9 = {
			fileEncoding = "-2147483647";
			isa = PBXFileReference;
			lastKnownFileType = sourcecode.c.h;
			path = NewtEnv.h;
			refType = 4;
			sourceTree = "<group>";
		};
		F5ACB05706412D4900DB6CF9 = {
			fileEncoding = "-2147483647";
			isa = PBXFileReference;
			lastKnownFileType = sourcecode.c.h;
			path = NewtErrs.h;
			refType = 4;
			sourceTree = "<group>";
		};
		F5ACB05806412D4900DB6CF9 = {
			fileEncoding = "-2147483647";
			isa = PBXFileReference;
			lastKnownFileType = sourcecode.c.h;
			path = NewtFile.h;
			refType = 4;
			sourceTree = "<group>";
		};
		F5ACB05906412D4900DB6CF9 = {
			fileEncoding = "-2147483647";
			isa = PBXFileReference;
			lastKnownFileType = sourcecode.c.h;
			path = NewtFns.h;
			refType = 4;
			sourceTree = "<group>";
		};
		F5ACB05A06412D4900DB6CF9 = {
			fileEncoding = "-2147483647";
			isa = PBXFileReference;
			lastKnownFileType = sourcecode.c.h;
			path = NewtGC.h;
			refType = 4;
			sourceTree = "<group>";
		};
		F5ACB05B06412D4900DB6CF9 = {
			fileEncoding = "-2147483647";
			isa = PBXFileReference;
			lastKnownFileType = sourcecode.c.h;
			path = NewtMem.h;
			refType = 4;
			sourceTree = "<group>";
		};
		F5ACB05C06412D4900DB6CF9 = {
			fileEncoding = "-2147483647";
			isa = PBXFileReference;
			lastKnownFileType = sourcecode.c.h;
			path = NewtObj.h;
			refType = 4;
			sourceTree = "<group>";
		};
		F5ACB05D06412D4900DB6CF9 = {
			fileEncoding = "-2147483647";
			isa = PBXFileReference;
			lastKnownFileType = sourcecode.c.h;
			path = NewtParser.h;
			refType = 4;
			sourceTree = "<group>";
		};
		F5ACB05E06412D4900DB6CF9 = {
			fileEncoding = "-2147483647";
			isa = PBXFileReference;
			lastKnownFileType = sourcecode.c.h;
			path = NewtStr.h;
			refType = 4;
			sourceTree = "<group>";
		};
		F5ACB05F06412D4900DB6CF9 = {
			fileEncoding = "-2147483647";
			isa = PBXFileReference;
			lastKnownFileType = sourcecode.c.h;
			path = NewtType.h;
			refType = 4;
			sourceTree = "<group>";
		};
		F5ACB06006412D4900DB6CF9 = {
			fileEncoding = "-2147483647";
			isa = PBXFileReference;
			lastKnownFileType = sourcecode.c.h;
			path = NewtVM.h;
			refType = 4;
			sourceTree = "<group>";
		};
		F5ACB06106412D4900DB6CF9 = {
			fileEncoding = "-2147483647";
			isa = PBXFileReference;
			lastKnownFileType = sourcecode.c.c;
			path = NewtBC.c;
			refType = 4;
			sourceTree = "<group>";
		};
		F5ACB06206412D4900DB6CF9 = {
			fileEncoding = "-2147483647";
			isa = PBXFileReference;
			lastKnownFileType = sourcecode.c.c;
			path = NewtEnv.c;
			refType = 4;
			sourceTree = "<group>";
		};
		F5ACB06306412D4900DB6CF9 = {
			fileEncoding = "-2147483647";
			isa = PBXFileReference;
			lastKnownFileType = sourcecode.c.c;
			path = NewtFile.c;
			refType = 4;
			sourceTree = "<group>";
		};
		F5ACB06406412D4900DB6CF9 = {
			fileEncoding = "-2147483647";
			isa = PBXFileReference;
			lastKnownFileType = sourcecode.c.c;
			path = NewtFns.c;
			refType = 4;
			sourceTree = "<group>";
		};
		F5ACB06506412D4900DB6CF9 = {
			fileEncoding = "-2147483647";
			isa = PBXFileReference;
			lastKnownFileType = sourcecode.c.c;
			path = NewtGC.c;
			refType = 4;
			sourceTree = "<group>";
		};
		F5ACB06606412D4900DB6CF9 = {
			fileEncoding = "-2147483647";
			isa = PBXFileReference;
			lastKnownFileType = sourcecode.c.c;
			path = NewtMem.c;
			refType = 4;
			sourceTree = "<group>";
		};
		F5ACB06706412D4900DB6CF9 = {
			fileEncoding = "-2147483647";
			isa = PBXFileReference;
			lastKnownFileType = sourcecode.c.c;
			path = NewtObj.c;
			refType = 4;
			sourceTree = "<group>";
		};
		F5ACB06806412D4900DB6CF9 = {
			fileEncoding = "-2147483647";
			isa = PBXFileReference;
			lastKnownFileType = sourcecode.c.c;
			path = NewtParser.c;
			refType = 4;
			sourceTree = "<group>";
		};
		F5ACB06906412D4900DB6CF9 = {
			fileEncoding = "-2147483647";
			isa = PBXFileReference;
			lastKnownFileType = sourcecode.c.c;
			path = NewtStr.c;
			refType = 4;
			sourceTree = "<group>";
		};
		F5ACB06A06412D4900DB6CF9 = {
			fileEncoding = "-2147483647";
			isa = PBXFileReference;
			lastKnownFileType = sourcecode.c.c;
			path = NewtVM.c;
			refType = 4;
			sourceTree = "<group>";
		};
		F5ACB06B06412D4900DB6CF9 = {
			fileRef = F5ACB05306412D4900DB6CF9;
			isa = PBXBuildFile;
			settings = {
			};
		};
		F5ACB06C06412D4900DB6CF9 = {
			fileRef = F5ACB05406412D4900DB6CF9;
			isa = PBXBuildFile;
			settings = {
			};
		};
		F5ACB06D06412D4900DB6CF9 = {
			fileRef = F5ACB05506412D4900DB6CF9;
			isa = PBXBuildFile;
			settings = {
			};
		};
		F5ACB06E06412D4900DB6CF9 = {
			fileRef = F5ACB05606412D4900DB6CF9;
			isa = PBXBuildFile;
			settings = {
			};
		};
		F5ACB06F06412D4900DB6CF9 = {
			fileRef = F5ACB05706412D4900DB6CF9;
			isa = PBXBuildFile;
			settings = {
			};
		};
		F5ACB07006412D4900DB6CF9 = {
			fileRef = F5ACB05806412D4900DB6CF9;
			isa = PBXBuildFile;
			settings = {
			};
		};
		F5ACB07106412D4900DB6CF9 = {
			fileRef = F5ACB05906412D4900DB6CF9;
			isa = PBXBuildFile;
			settings = {
			};
		};
		F5ACB07206412D4900DB6CF9 = {
			fileRef = F5ACB05A06412D4900DB6CF9;
			isa = PBXBuildFile;
			settings = {
			};
		};
		F5ACB07306412D4900DB6CF9 = {
			fileRef = F5ACB05B06412D4900DB6CF9;
			isa = PBXBuildFile;
			settings = {
			};
		};
		F5ACB07406412D4900DB6CF9 = {
			fileRef = F5ACB05C06412D4900DB6CF9;
			isa = PBXBuildFile;
			settings = {
			};
		};
		F5ACB07506412D4900DB6CF9 = {
			fileRef = F5ACB05D06412D4900DB6CF9;
			isa = PBXBuildFile;
			settings = {
			};
		};
		F5ACB07606412D4900DB6CF9 = {
			fileRef = F5ACB05E06412D4900DB6CF9;
			isa = PBXBuildFile;
			settings = {
			};
		};
		F5ACB07706412D4900DB6CF9 = {
			fileRef = F5ACB05F06412D4900DB6CF9;
			isa = PBXBuildFile;
			settings = {
			};
		};
		F5ACB07806412D4900DB6CF9 = {
			fileRef = F5ACB06006412D4900DB6CF9;
			isa = PBXBuildFile;
			settings = {
			};
		};
		F5ACB07906412D4900DB6CF9 = {
			fileRef = F5ACB06106412D4900DB6CF9;
			isa = PBXBuildFile;
			settings = {
			};
		};
		F5ACB07A06412D4900DB6CF9 = {
			fileRef = F5ACB06206412D4900DB6CF9;
			isa = PBXBuildFile;
			settings = {
			};
		};
		F5ACB07B06412D4900DB6CF9 = {
			fileRef = F5ACB06306412D4900DB6CF9;
			isa = PBXBuildFile;
			settings = {
			};
		};
		F5ACB07C06412D4900DB6CF9 = {
			fileRef = F5ACB06406412D4900DB6CF9;
			isa = PBXBuildFile;
			settings = {
			};
		};
		F5ACB07D06412D4900DB6CF9 = {
			fileRef = F5ACB06506412D4900DB6CF9;
			isa = PBXBuildFile;
			settings = {
			};
		};
		F5ACB07E06412D4900DB6CF9 = {
			fileRef = F5ACB06606412D4900DB6CF9;
			isa = PBXBuildFile;
			settings = {
			};
		};
		F5ACB07F06412D4900DB6CF9 = {
			fileRef = F5ACB06706412D4900DB6CF9;
			isa = PBXBuildFile;
			settings = {
			};
		};
		F5ACB08006412D4900DB6CF9 = {
			fileRef = F5ACB06806412D4900DB6CF9;
			isa = PBXBuildFile;
			settings = {
			};
		};
		F5ACB08106412D4900DB6CF9 = {
			fileRef = F5ACB06906412D4900DB6CF9;
			isa = PBXBuildFile;
			settings = {
			};
		};
		F5ACB08206412D4900DB6CF9 = {
			fileRef = F5ACB06A06412D4900DB6CF9;
			isa = PBXBuildFile;
			settings = {
			};
		};
		F5AFECA2055CDC21002C8506 = {
			buildActionMask = 2147483647;
			files = (
			);
			isa = PBXHeadersBuildPhase;
			runOnlyForDeploymentPostprocessing = 0;
		};
		F5AFECA3055CDC21002C8506 = {
			buildActionMask = 2147483647;
			files = (
				F52FA67B059470D600087763,
			);
			isa = PBXSourcesBuildPhase;
			runOnlyForDeploymentPostprocessing = 0;
		};
		F5AFECA4055CDC21002C8506 = {
			buildPhases = (
				F5AFECA2055CDC21002C8506,
				F5AFECA3055CDC21002C8506,
			);
			buildRules = (
			);
			buildSettings = {
				GCC_WARN_FOUR_CHARACTER_CONSTANTS = NO;
				GCC_WARN_UNKNOWN_PRAGMAS = NO;
				INSTALL_PATH = /usr/local/lib;
				LIBRARY_STYLE = STATIC;
				OTHER_CFLAGS = "";
				OTHER_LDFLAGS = "";
				OTHER_REZFLAGS = "";
				PRODUCT_NAME = newtyy;
				SECTORDER_FLAGS = "";
				WARNING_CFLAGS = "-Wmost";
			};
			dependencies = (
			);
			isa = PBXNativeTarget;
			name = newtyy;
			productName = libnewtyy;
			productReference = F5AFECA5055CDC21002C8506;
			productType = "com.apple.product-type.library.static";
		};
		F5AFECA5055CDC21002C8506 = {
			explicitFileType = archive.ar;
			includeInIndex = 0;
			isa = PBXFileReference;
			path = libnewtyy.a;
			refType = 3;
			sourceTree = BUILT_PRODUCTS_DIR;
		};
		F5DE1344082AD4A500BB42A5 = {
			children = (
				F5DE1345082AD4A500BB42A5,
			);
			isa = PBXGroup;
			path = darwin;
			refType = 4;
			sourceTree = "<group>";
		};
		F5DE1345082AD4A500BB42A5 = {
			fileEncoding = "-2147483647";
			isa = PBXFileReference;
			lastKnownFileType = sourcecode.c.h;
			path = config.h;
			refType = 4;
			sourceTree = "<group>";
		};
		F5DE1346082AD4A500BB42A5 = {
			fileRef = F5DE1345082AD4A500BB42A5;
			isa = PBXBuildFile;
			settings = {
			};
		};
		F5E14ADA057984FA009742A2 = {
			fileEncoding = "-2147483647";
			isa = PBXFileReference;
			lastKnownFileType = sourcecode.c.c;
			name = main.c;
			path = src/main.c;
			refType = 2;
			sourceTree = SOURCE_ROOT;
		};
		F5E14ADB057984FA009742A2 = {
			fileEncoding = "-2147483647";
			isa = PBXFileReference;
			lastKnownFileType = sourcecode.c.h;
			name = version.h;
			path = src/version.h;
			refType = 2;
			sourceTree = SOURCE_ROOT;
		};
		F5E14ADC057984FA009742A2 = {
			fileRef = F5E14ADA057984FA009742A2;
			isa = PBXBuildFile;
			settings = {
			};
		};
		F5E14ADD057984FA009742A2 = {
			fileRef = F5E14ADB057984FA009742A2;
			isa = PBXBuildFile;
			settings = {
			};
		};
		F5E14B0805798559009742A2 = {
			children = (
				F5E14B0905798559009742A2,
				F5E14B0A05798559009742A2,
				F5E14B0B05798559009742A2,
				F5E14B0C05798559009742A2,
				F5E14B0D05798559009742A2,
			);
			isa = PBXGroup;
			name = parser;
			path = src/parser;
			refType = 4;
			sourceTree = "<group>";
		};
		F5E14B0905798559009742A2 = {
			fileEncoding = "-2147483647";
			isa = PBXFileReference;
			lastKnownFileType = sourcecode.c.c;
			path = lookup_words.c;
			refType = 4;
			sourceTree = "<group>";
		};
		F5E14B0A05798559009742A2 = {
			fileEncoding = "-2147483647";
			isa = PBXFileReference;
			lastKnownFileType = sourcecode.c.h;
			path = lookup_words.h;
			refType = 4;
			sourceTree = "<group>";
		};
		F5E14B0B05798559009742A2 = {
			fileEncoding = "-2147483647";
			isa = PBXFileReference;
			lastKnownFileType = sourcecode.lex;
			path = newt.l;
			refType = 4;
			sourceTree = "<group>";
		};
		F5E14B0C05798559009742A2 = {
			fileEncoding = "-2147483647";
			isa = PBXFileReference;
			lastKnownFileType = sourcecode.yacc;
			path = newt.y;
			refType = 4;
			sourceTree = "<group>";
		};
		F5E14B0D05798559009742A2 = {
			fileEncoding = "-2147483647";
			isa = PBXFileReference;
			lastKnownFileType = sourcecode.c.h;
			path = yacc.h;
			refType = 4;
			sourceTree = "<group>";
		};
		F5E14B140579859B009742A2 = {
			fileRef = F5E14B0905798559009742A2;
			isa = PBXBuildFile;
			settings = {
			};
		};
		F5E14B150579859C009742A2 = {
			fileRef = F5E14B0A05798559009742A2;
			isa = PBXBuildFile;
			settings = {
			};
		};
		F5E14B160579859D009742A2 = {
			fileRef = F5E14B0D05798559009742A2;
			isa = PBXBuildFile;
			settings = {
			};
		};
		F5E14B170579859E009742A2 = {
			fileRef = F5E14B0B05798559009742A2;
			isa = PBXBuildFile;
			settings = {
			};
		};
		F5F69C0107E8F36E0086BCEA = {
			fileEncoding = 4;
			isa = PBXFileReference;
			lastKnownFileType = sourcecode.c.h;
			path = platform.h;
			refType = 4;
			sourceTree = "<group>";
		};
		F5F69C0207E8F36E0086BCEA = {
			fileRef = F5F69C0107E8F36E0086BCEA;
			isa = PBXBuildFile;
			settings = {
			};
		};
	};
	rootObject = 08FB7793FE84155DC02AAC07;
}
